
Microsoft Visual Studio Solution File, Format Version 12.00
# Visual Studio Version 16
VisualStudioVersion = 16.0.29509.3
MinimumVisualStudioVersion = 10.0.40219.1
Project("{888888A0-9F3D-457C-B088-3A5042F75D52}") = "Final", "Final.pyproj", "{639E03A0-029F-4038-BFEF-ABF92659E167}"
EndProject
Global
	GlobalSection(SolutionConfigurationPlatforms) = preSolution
		Debug|Any CPU = Debug|Any CPU
		Release|Any CPU = Release|Any CPU
	EndGlobalSection
	GlobalSection(ProjectConfigurationPlatforms) = postSolution
		{639E03A0-029F-4038-BFEF-ABF92659E167}.Debug|Any CPU.ActiveCfg = Debug|Any CPU
		{639E03A0-029F-4038-BFEF-ABF92659E167}.Release|Any CPU.ActiveCfg = Release|Any CPU
	EndGlobalSection
	GlobalSection(SolutionProperties) = preSolution
		HideSolutionNode = FALSE
	EndGlobalSection
	GlobalSection(ExtensibilityGlobals) = postSolution
		SolutionGuid = {200FE5A3-45EB-4452-927F-0FDA155A59B6}
	EndGlobalSection
EndGlobal
